{
  "name": "dotfiles",
  "lockfileVersion": 3,
  "requires": true,
  "packages": {
    "": {
      "name": "dotfiles",
      "dependencies": {
        "typescript-language-server": "*",
        "vscode-langservers-extracted": "*"
      }
    },
    "node_modules/@vscode/l10n": {
      "version": "0.0.13",
      "resolved": "https://registry.npmjs.org/@vscode/l10n/-/l10n-0.0.13.tgz",
      "integrity": "sha512-A3uY356uOU9nGa+TQIT/i3ziWUgJjVMUrGGXSrtRiTwklyCFjGVWIOHoEIHbJpiyhDkJd9kvIWUOfXK1IkK8XQ=="
    },
    "node_modules/core-js": {
      "version": "3.32.2",
      "resolved": "https://registry.npmjs.org/core-js/-/core-js-3.32.2.tgz",
      "integrity": "sha512-pxXSw1mYZPDGvTQqEc5vgIb83jGQKFGYWY76z4a7weZXUolw3G+OvpZqSRcfYOoOVUQJYEPsWeQK8pKEnUtWxQ==",
      "hasInstallScript": true,
      "funding": {
        "type": "opencollective",
        "url": "https://opencollective.com/core-js"
      }
    },
    "node_modules/jsonc-parser": {
      "version": "3.2.0",
      "resolved": "https://registry.npmjs.org/jsonc-parser/-/jsonc-parser-3.2.0.tgz",
      "integrity": "sha512-gfFQZrcTc8CnKXp6Y4/CBT3fTc0OVuDofpre4aEeEpSBPV5X5v4+Vmx+8snU7RLPrNHPKSgLxGo9YuQzz20o+w=="
    },
    "node_modules/picomatch": {
      "version": "2.3.1",
      "resolved": "https://registry.npmjs.org/picomatch/-/picomatch-2.3.1.tgz",
      "integrity": "sha512-JU3teHTNjmE2VCGFzuY8EXzCDVwEqB2a8fsIvwaStHhAWJEeVd1o1QD80CU6+ZdEXXSLbSsuLwJjkCBWqRQUVA==",
      "engines": {
        "node": ">=8.6"
      },
      "funding": {
        "url": "https://github.com/sponsors/jonschlinkert"
      }
    },
    "node_modules/regenerator-runtime": {
      "version": "0.13.11",
      "resolved": "https://registry.npmjs.org/regenerator-runtime/-/regenerator-runtime-0.13.11.tgz",
      "integrity": "sha512-kY1AZVr2Ra+t+piVaJ4gxaFaReZVH40AKNo7UCX6W+dEwBo/2oZJzqfuN1qLq1oL45o56cPaTXELwrTh8Fpggg=="
    },
    "node_modules/request-light": {
      "version": "0.7.0",
      "resolved": "https://registry.npmjs.org/request-light/-/request-light-0.7.0.tgz",
      "integrity": "sha512-lMbBMrDoxgsyO+yB3sDcrDuX85yYt7sS8BfQd11jtbW/z5ZWgLZRcEGLsLoYw7I0WSUGQBs8CC8ScIxkTX1+6Q=="
    },
    "node_modules/typescript": {
      "version": "4.9.5",
      "resolved": "https://registry.npmjs.org/typescript/-/typescript-4.9.5.tgz",
      "integrity": "sha512-1FXk9E2Hm+QzZQ7z+McJiHL4NW1F2EzMu9Nq9i3zAaGqibafqYwCVU6WyWAuyQRRzOlxou8xZSyXLEN8oKj24g==",
      "bin": {
        "tsc": "bin/tsc",
        "tsserver": "bin/tsserver"
      },
      "engines": {
        "node": ">=4.2.0"
      }
    },
    "node_modules/typescript-language-server": {
      "version": "3.3.2",
      "resolved": "https://registry.npmjs.org/typescript-language-server/-/typescript-language-server-3.3.2.tgz",
      "integrity": "sha512-jzun53CIkTbpAki0nP+hk5baGW+86SNNlVhyIj2ZUy45zUkCnmoetWuAtfRRQYrlIr8x4QB3ymGJPuwDQSd/ew==",
      "bin": {
        "typescript-language-server": "lib/cli.mjs"
      },
      "engines": {
        "node": ">=14.17"
      }
    },
    "node_modules/vscode-css-languageservice": {
      "version": "6.2.7",
      "resolved": "https://registry.npmjs.org/vscode-css-languageservice/-/vscode-css-languageservice-6.2.7.tgz",
      "integrity": "sha512-Jd8wpIg5kJ15CfrieoEPvu3gGFc36sbM3qXCtjVq5zrnLEX5NhHxikMDtf8AgQsYklXiDqiZLKoBnzkJtRbTHQ==",
      "dependencies": {
        "@vscode/l10n": "^0.0.16",
        "vscode-languageserver-textdocument": "^1.0.8",
        "vscode-languageserver-types": "^3.17.3",
        "vscode-uri": "^3.0.7"
      }
    },
    "node_modules/vscode-css-languageservice/node_modules/@vscode/l10n": {
      "version": "0.0.16",
      "resolved": "https://registry.npmjs.org/@vscode/l10n/-/l10n-0.0.16.tgz",
      "integrity": "sha512-JT5CvrIYYCrmB+dCana8sUqJEcGB1ZDXNLMQ2+42bW995WmNoenijWMUdZfwmuQUTQcEVVIa2OecZzTYWUW9Cg=="
    },
    "node_modules/vscode-html-languageservice": {
      "version": "5.1.0",
      "resolved": "https://registry.npmjs.org/vscode-html-languageservice/-/vscode-html-languageservice-5.1.0.tgz",
      "integrity": "sha512-cGOu5+lrz+2dDXSGS15y24lDtPaML1T8K/SfqgFbLmCZ1btYOxceFieR+ybTS2es/A67kRc62m2cKFLUQPWG5g==",
      "dependencies": {
        "@vscode/l10n": "^0.0.16",
        "vscode-languageserver-textdocument": "^1.0.8",
        "vscode-languageserver-types": "^3.17.3",
        "vscode-uri": "^3.0.7"
      }
    },
    "node_modules/vscode-html-languageservice/node_modules/@vscode/l10n": {
      "version": "0.0.16",
      "resolved": "https://registry.npmjs.org/@vscode/l10n/-/l10n-0.0.16.tgz",
      "integrity": "sha512-JT5CvrIYYCrmB+dCana8sUqJEcGB1ZDXNLMQ2+42bW995WmNoenijWMUdZfwmuQUTQcEVVIa2OecZzTYWUW9Cg=="
    },
    "node_modules/vscode-json-languageservice": {
      "version": "5.3.6",
      "resolved": "https://registry.npmjs.org/vscode-json-languageservice/-/vscode-json-languageservice-5.3.6.tgz",
      "integrity": "sha512-P4kthBi3GMLKi7Lmp24nkKHAWxbFfCsIDBPlMrK1Tag1aqbl3l60UferDkfAasupDVBM2dekbArzGycUjw8OHA==",
      "dependencies": {
        "@vscode/l10n": "^0.0.16",
        "jsonc-parser": "^3.2.0",
        "vscode-languageserver-textdocument": "^1.0.8",
        "vscode-languageserver-types": "^3.17.3",
        "vscode-uri": "^3.0.7"
      }
    },
    "node_modules/vscode-json-languageservice/node_modules/@vscode/l10n": {
      "version": "0.0.16",
      "resolved": "https://registry.npmjs.org/@vscode/l10n/-/l10n-0.0.16.tgz",
      "integrity": "sha512-JT5CvrIYYCrmB+dCana8sUqJEcGB1ZDXNLMQ2+42bW995WmNoenijWMUdZfwmuQUTQcEVVIa2OecZzTYWUW9Cg=="
    },
    "node_modules/vscode-jsonrpc": {
      "version": "8.1.0",
      "resolved": "https://registry.npmjs.org/vscode-jsonrpc/-/vscode-jsonrpc-8.1.0.tgz",
      "integrity": "sha512-6TDy/abTQk+zDGYazgbIPc+4JoXdwC8NHU9Pbn4UJP1fehUyZmM4RHp5IthX7A6L5KS30PRui+j+tbbMMMafdw==",
      "engines": {
        "node": ">=14.0.0"
      }
    },
    "node_modules/vscode-langservers-extracted": {
      "version": "4.7.0",
      "resolved": "https://registry.npmjs.org/vscode-langservers-extracted/-/vscode-langservers-extracted-4.7.0.tgz",
      "integrity": "sha512-OZWgreyvCKdKV4TfBGXrxiJVaT041SkoE3TzQUCS/EnK55zMGM1fq1HoXtFLMvqatEuVYSPF2lywrAj2Ac0maQ==",
      "dependencies": {
        "@vscode/l10n": "^0.0.13",
        "core-js": "^3.20.1",
        "jsonc-parser": "^3.2.0",
        "regenerator-runtime": "^0.13.9",
        "request-light": "^0.7.0",
        "typescript": "^4.0.5",
        "vscode-css-languageservice": "^6.2.4",
        "vscode-html-languageservice": "^5.0.4",
        "vscode-json-languageservice": "^5.3.3",
        "vscode-languageserver": "^8.1.0",
        "vscode-languageserver-textdocument": "^1.0.10",
        "vscode-languageserver-types": "^3.17.3",
        "vscode-markdown-languageservice": "^0.3.0",
        "vscode-nls": "^5.2.0",
        "vscode-uri": "^3.0.7"
      },
      "bin": {
        "vscode-css-language-server": "bin/vscode-css-language-server",
        "vscode-eslint-language-server": "bin/vscode-eslint-language-server",
        "vscode-html-language-server": "bin/vscode-html-language-server",
        "vscode-json-language-server": "bin/vscode-json-language-server",
        "vscode-markdown-language-server": "bin/vscode-markdown-language-server"
      }
    },
    "node_modules/vscode-languageserver": {
      "version": "8.1.0",
      "resolved": "https://registry.npmjs.org/vscode-languageserver/-/vscode-languageserver-8.1.0.tgz",
      "integrity": "sha512-eUt8f1z2N2IEUDBsKaNapkz7jl5QpskN2Y0G01T/ItMxBxw1fJwvtySGB9QMecatne8jFIWJGWI61dWjyTLQsw==",
      "dependencies": {
        "vscode-languageserver-protocol": "3.17.3"
      },
      "bin": {
        "installServerIntoExtension": "bin/installServerIntoExtension"
      }
    },
    "node_modules/vscode-languageserver-protocol": {
      "version": "3.17.3",
      "resolved": "https://registry.npmjs.org/vscode-languageserver-protocol/-/vscode-languageserver-protocol-3.17.3.tgz",
      "integrity": "sha512-924/h0AqsMtA5yK22GgMtCYiMdCOtWTSGgUOkgEDX+wk2b0x4sAfLiO4NxBxqbiVtz7K7/1/RgVrVI0NClZwqA==",
      "dependencies": {
        "vscode-jsonrpc": "8.1.0",
        "vscode-languageserver-types": "3.17.3"
      }
    },
    "node_modules/vscode-languageserver-protocol/node_modules/vscode-languageserver-types": {
      "version": "3.17.3",
      "resolved": "https://registry.npmjs.org/vscode-languageserver-types/-/vscode-languageserver-types-3.17.3.tgz",
      "integrity": "sha512-SYU4z1dL0PyIMd4Vj8YOqFvHu7Hz/enbWtpfnVbJHU4Nd1YNYx8u0ennumc6h48GQNeOLxmwySmnADouT/AuZA=="
    },
    "node_modules/vscode-languageserver-textdocument": {
      "version": "1.0.10",
      "resolved": "https://registry.npmjs.org/vscode-languageserver-textdocument/-/vscode-languageserver-textdocument-1.0.10.tgz",
      "integrity": "sha512-dPA6WqtAQJ/Iopm0Hrj11VvaKxsEcm62jpqyaYbY0xuvUffeWAn77f3VKr2SCsJphSyEw4Fjkjqm2gQ24KQfrA=="
    },
    "node_modules/vscode-languageserver-types": {
      "version": "3.17.4",
      "resolved": "https://registry.npmjs.org/vscode-languageserver-types/-/vscode-languageserver-types-3.17.4.tgz",
      "integrity": "sha512-9YXi5pA3XF2V+NUQg6g+lulNS0ncRCKASYdK3Cs7kiH9sVFXWq27prjkC/B8M/xJLRPPRSPCHVMuBTgRNFh2sQ=="
    },
    "node_modules/vscode-markdown-languageservice": {
      "version": "0.3.0",
      "resolved": "https://registry.npmjs.org/vscode-markdown-languageservice/-/vscode-markdown-languageservice-0.3.0.tgz",
      "integrity": "sha512-+HGaZSsZGHbNdDyjfdkDws9a9oiqUsfnW5AtZQpgcxCavP5Gwom77S4XXzL/uEUUZ5u1K/0VTOhqha7qPcCW5w==",
      "dependencies": {
        "@vscode/l10n": "^0.0.10",
        "picomatch": "^2.3.1",
        "vscode-languageserver-textdocument": "^1.0.5",
        "vscode-languageserver-types": "^3.17.1",
        "vscode-uri": "^3.0.3"
      },
      "engines": {
        "node": "*"
      }
    },
    "node_modules/vscode-markdown-languageservice/node_modules/@vscode/l10n": {
      "version": "0.0.10",
      "resolved": "https://registry.npmjs.org/@vscode/l10n/-/l10n-0.0.10.tgz",
      "integrity": "sha512-E1OCmDcDWa0Ya7vtSjp/XfHFGqYJfh+YPC1RkATU71fTac+j1JjCcB3qwSzmlKAighx2WxhLlfhS0RwAN++PFQ=="
    },
    "node_modules/vscode-nls": {
      "version": "5.2.0",
      "resolved": "https://registry.npmjs.org/vscode-nls/-/vscode-nls-5.2.0.tgz",
      "integrity": "sha512-RAaHx7B14ZU04EU31pT+rKz2/zSl7xMsfIZuo8pd+KZO6PXtQmpevpq3vxvWNcrGbdmhM/rr5Uw5Mz+NBfhVng=="
    },
    "node_modules/vscode-uri": {
      "version": "3.0.7",
      "resolved": "https://registry.npmjs.org/vscode-uri/-/vscode-uri-3.0.7.tgz",
      "integrity": "sha512-eOpPHogvorZRobNqJGhapa0JdwaxpjVvyBp0QIUMRMSf8ZAlqOdEquKuRmw9Qwu0qXtJIWqFtMkmvJjUZmMjVA=="
    }
  }
}
